// !$*UTF8*$!
{
	archiveVersion = 1;
	classes = {
	};
	objectVersion = 50;
	objects = {

/* Begin PBXBuildFile section */
		CB2AC915280D051A0099A852 /* SingletonPattern.cpp in Sources */ = {isa = PBXBuildFile; fileRef = CB2AC914280D051A0099A852 /* SingletonPattern.cpp */; };
		CB2AC918280D0AD70099A852 /* SingletonPattern_new.cpp in Sources */ = {isa = PBXBuildFile; fileRef = CB2AC916280D0AD70099A852 /* SingletonPattern_new.cpp */; };
		CB2AC91A280D0F590099A852 /* ObserverPattern.cpp in Sources */ = {isa = PBXBuildFile; fileRef = CB2AC919280D0F580099A852 /* ObserverPattern.cpp */; };
		CB2AC91C280D36060099A852 /* ObserverPattern_new.cpp in Sources */ = {isa = PBXBuildFile; fileRef = CB2AC91B280D36060099A852 /* ObserverPattern_new.cpp */; };
		CB2AC91E280D41240099A852 /* VisitorPattern.cpp in Sources */ = {isa = PBXBuildFile; fileRef = CB2AC91D280D41240099A852 /* VisitorPattern.cpp */; };
		CB2AC920280D488E0099A852 /* VisitorPattern_new.cpp in Sources */ = {isa = PBXBuildFile; fileRef = CB2AC91F280D488E0099A852 /* VisitorPattern_new.cpp */; };
		CB2AC922280D57D90099A852 /* CommandPattern.cpp in Sources */ = {isa = PBXBuildFile; fileRef = CB2AC921280D57D90099A852 /* CommandPattern.cpp */; };
		CB2AC924280D699F0099A852 /* CommandPattern_new.cpp in Sources */ = {isa = PBXBuildFile; fileRef = CB2AC923280D699F0099A852 /* CommandPattern_new.cpp */; };
		CB2AC926280D96B50099A852 /* ObjectPoolPattern.cpp in Sources */ = {isa = PBXBuildFile; fileRef = CB2AC925280D96B50099A852 /* ObjectPoolPattern.cpp */; };
		CB2AC928280DA2BB0099A852 /* ObjectPoolPattern_new.cpp in Sources */ = {isa = PBXBuildFile; fileRef = CB2AC927280DA2BB0099A852 /* ObjectPoolPattern_new.cpp */; };
/* End PBXBuildFile section */

/* Begin PBXCopyFilesBuildPhase section */
		CB2AC908280D033A0099A852 /* CopyFiles */ = {
			isa = PBXCopyFilesBuildPhase;
			buildActionMask = 2147483647;
			dstPath = /usr/share/man/man1/;
			dstSubfolderSpec = 0;
			files = (
			);
			runOnlyForDeploymentPostprocessing = 1;
		};
/* End PBXCopyFilesBuildPhase section */

/* Begin PBXFileReference section */
		CB2AC90A280D033A0099A852 /* myDesignPatterns */ = {isa = PBXFileReference; explicitFileType = "compiled.mach-o.executable"; includeInIndex = 0; path = myDesignPatterns; sourceTree = BUILT_PRODUCTS_DIR; };
		CB2AC914280D051A0099A852 /* SingletonPattern.cpp */ = {isa = PBXFileReference; lastKnownFileType = sourcecode.cpp.cpp; path = SingletonPattern.cpp; sourceTree = "<group>"; };
		CB2AC916280D0AD70099A852 /* SingletonPattern_new.cpp */ = {isa = PBXFileReference; lastKnownFileType = sourcecode.cpp.cpp; path = SingletonPattern_new.cpp; sourceTree = "<group>"; };
		CB2AC919280D0F580099A852 /* ObserverPattern.cpp */ = {isa = PBXFileReference; lastKnownFileType = sourcecode.cpp.cpp; path = ObserverPattern.cpp; sourceTree = "<group>"; };
		CB2AC91B280D36060099A852 /* ObserverPattern_new.cpp */ = {isa = PBXFileReference; lastKnownFileType = sourcecode.cpp.cpp; path = ObserverPattern_new.cpp; sourceTree = "<group>"; };
		CB2AC91D280D41240099A852 /* VisitorPattern.cpp */ = {isa = PBXFileReference; lastKnownFileType = sourcecode.cpp.cpp; path = VisitorPattern.cpp; sourceTree = "<group>"; };
		CB2AC91F280D488E0099A852 /* VisitorPattern_new.cpp */ = {isa = PBXFileReference; lastKnownFileType = sourcecode.cpp.cpp; path = VisitorPattern_new.cpp; sourceTree = "<group>"; };
		CB2AC921280D57D90099A852 /* CommandPattern.cpp */ = {isa = PBXFileReference; lastKnownFileType = sourcecode.cpp.cpp; path = CommandPattern.cpp; sourceTree = "<group>"; };
		CB2AC923280D699F0099A852 /* CommandPattern_new.cpp */ = {isa = PBXFileReference; lastKnownFileType = sourcecode.cpp.cpp; path = CommandPattern_new.cpp; sourceTree = "<group>"; };
		CB2AC925280D96B50099A852 /* ObjectPoolPattern.cpp */ = {isa = PBXFileReference; lastKnownFileType = sourcecode.cpp.cpp; path = ObjectPoolPattern.cpp; sourceTree = "<group>"; };
		CB2AC927280DA2BB0099A852 /* ObjectPoolPattern_new.cpp */ = {isa = PBXFileReference; lastKnownFileType = sourcecode.cpp.cpp; path = ObjectPoolPattern_new.cpp; sourceTree = "<group>"; };
/* End PBXFileReference section */

/* Begin PBXFrameworksBuildPhase section */
		CB2AC907280D033A0099A852 /* Frameworks */ = {
			isa = PBXFrameworksBuildPhase;
			buildActionMask = 2147483647;
			files = (
			);
			runOnlyForDeploymentPostprocessing = 0;
		};
/* End PBXFrameworksBuildPhase section */

/* Begin PBXGroup section */
		CB2AC901280D033A0099A852 = {
			isa = PBXGroup;
			children = (
				CB2AC90C280D033A0099A852 /* myDesignPatterns */,
				CB2AC90B280D033A0099A852 /* Products */,
			);
			sourceTree = "<group>";
		};
		CB2AC90B280D033A0099A852 /* Products */ = {
			isa = PBXGroup;
			children = (
				CB2AC90A280D033A0099A852 /* myDesignPatterns */,
			);
			name = Products;
			sourceTree = "<group>";
		};
		CB2AC90C280D033A0099A852 /* myDesignPatterns */ = {
			isa = PBXGroup;
			children = (
				CB2AC914280D051A0099A852 /* SingletonPattern.cpp */,
				CB2AC916280D0AD70099A852 /* SingletonPattern_new.cpp */,
				CB2AC919280D0F580099A852 /* ObserverPattern.cpp */,
				CB2AC91B280D36060099A852 /* ObserverPattern_new.cpp */,
				CB2AC91D280D41240099A852 /* VisitorPattern.cpp */,
				CB2AC91F280D488E0099A852 /* VisitorPattern_new.cpp */,
				CB2AC921280D57D90099A852 /* CommandPattern.cpp */,
				CB2AC923280D699F0099A852 /* CommandPattern_new.cpp */,
				CB2AC925280D96B50099A852 /* ObjectPoolPattern.cpp */,
				CB2AC927280DA2BB0099A852 /* ObjectPoolPattern_new.cpp */,
			);
			path = myDesignPatterns;
			sourceTree = "<group>";
		};
/* End PBXGroup section */

/* Begin PBXNativeTarget section */
		CB2AC909280D033A0099A852 /* myDesignPatterns */ = {
			isa = PBXNativeTarget;
			buildConfigurationList = CB2AC911280D033A0099A852 /* Build configuration list for PBXNativeTarget "myDesignPatterns" */;
			buildPhases = (
				CB2AC906280D033A0099A852 /* Sources */,
				CB2AC907280D033A0099A852 /* Frameworks */,
				CB2AC908280D033A0099A852 /* CopyFiles */,
			);
			buildRules = (
			);
			dependencies = (
			);
			name = myDesignPatterns;
			productName = myDesignPatterns;
			productReference = CB2AC90A280D033A0099A852 /* myDesignPatterns */;
			productType = "com.apple.product-type.tool";
		};
/* End PBXNativeTarget section */

/* Begin PBXProject section */
		CB2AC902280D033A0099A852 /* Project object */ = {
			isa = PBXProject;
			attributes = {
				LastUpgradeCheck = 1160;
				ORGANIZATIONNAME = xiaoyuyu;
				TargetAttributes = {
					CB2AC909280D033A0099A852 = {
						CreatedOnToolsVersion = 11.6;
					};
				};
			};
			buildConfigurationList = CB2AC905280D033A0099A852 /* Build configuration list for PBXProject "myDesignPatterns" */;
			compatibilityVersion = "Xcode 9.3";
			developmentRegion = en;
			hasScannedForEncodings = 0;
			knownRegions = (
				en,
				Base,
			);
			mainGroup = CB2AC901280D033A0099A852;
			productRefGroup = CB2AC90B280D033A0099A852 /* Products */;
			projectDirPath = "";
			projectRoot = "";
			targets = (
				CB2AC909280D033A0099A852 /* myDesignPatterns */,
			);
		};
/* End PBXProject section */

/* Begin PBXSourcesBuildPhase section */
		CB2AC906280D033A0099A852 /* Sources */ = {
			isa = PBXSourcesBuildPhase;
			buildActionMask = 2147483647;
			files = (
				CB2AC91E280D41240099A852 /* VisitorPattern.cpp in Sources */,
				CB2AC915280D051A0099A852 /* SingletonPattern.cpp in Sources */,
				CB2AC928280DA2BB0099A852 /* ObjectPoolPattern_new.cpp in Sources */,
				CB2AC920280D488E0099A852 /* VisitorPattern_new.cpp in Sources */,
				CB2AC918280D0AD70099A852 /* SingletonPattern_new.cpp in Sources */,
				CB2AC922280D57D90099A852 /* CommandPattern.cpp in Sources */,
				CB2AC924280D699F0099A852 /* CommandPattern_new.cpp in Sources */,
				CB2AC926280D96B50099A852 /* ObjectPoolPattern.cpp in Sources */,
				CB2AC91A280D0F590099A852 /* ObserverPattern.cpp in Sources */,
				CB2AC91C280D36060099A852 /* ObserverPattern_new.cpp in Sources */,
			);
			runOnlyForDeploymentPostprocessing = 0;
		};
/* End PBXSourcesBuildPhase section */

/* Begin XCBuildConfiguration section */
		CB2AC90F280D033A0099A852 /* Debug */ = {
			isa = XCBuildConfiguration;
			buildSettings = {
				ALWAYS_SEARCH_USER_PATHS = NO;
				CLANG_ANALYZER_NONNULL = YES;
				CLANG_ANALYZER_NUMBER_OBJECT_CONVERSION = YES_AGGRESSIVE;
				CLANG_CXX_LANGUAGE_STANDARD = "gnu++14";
				CLANG_CXX_LIBRARY = "libc++";
				CLANG_ENABLE_MODULES = YES;
				CLANG_ENABLE_OBJC_ARC = YES;
				CLANG_ENABLE_OBJC_WEAK = YES;
				CLANG_WARN_BLOCK_CAPTURE_AUTORELEASING = YES;
				CLANG_WARN_BOOL_CONVERSION = YES;
				CLANG_WARN_COMMA = YES;
				CLANG_WARN_CONSTANT_CONVERSION = YES;
				CLANG_WARN_DEPRECATED_OBJC_IMPLEMENTATIONS = YES;
				CLANG_WARN_DIRECT_OBJC_ISA_USAGE = YES_ERROR;
				CLANG_WARN_DOCUMENTATION_COMMENTS = YES;
				CLANG_WARN_EMPTY_BODY = YES;
				CLANG_WARN_ENUM_CONVERSION = YES;
				CLANG_WARN_INFINITE_RECURSION = YES;
				CLANG_WARN_INT_CONVERSION = YES;
				CLANG_WARN_NON_LITERAL_NULL_CONVERSION = YES;
				CLANG_WARN_OBJC_IMPLICIT_RETAIN_SELF = YES;
				CLANG_WARN_OBJC_LITERAL_CONVERSION = YES;
				CLANG_WARN_OBJC_ROOT_CLASS = YES_ERROR;
				CLANG_WARN_RANGE_LOOP_ANALYSIS = YES;
				CLANG_WARN_STRICT_PROTOTYPES = YES;
				CLANG_WARN_SUSPICIOUS_MOVE = YES;
				CLANG_WARN_UNGUARDED_AVAILABILITY = YES_AGGRESSIVE;
				CLANG_WARN_UNREACHABLE_CODE = YES;
				CLANG_WARN__DUPLICATE_METHOD_MATCH = YES;
				COPY_PHASE_STRIP = NO;
				DEBUG_INFORMATION_FORMAT = dwarf;
				ENABLE_STRICT_OBJC_MSGSEND = YES;
				ENABLE_TESTABILITY = YES;
				GCC_C_LANGUAGE_STANDARD = gnu11;
				GCC_DYNAMIC_NO_PIC = NO;
				GCC_NO_COMMON_BLOCKS = YES;
				GCC_OPTIMIZATION_LEVEL = 0;
				GCC_PREPROCESSOR_DEFINITIONS = (
					"DEBUG=1",
					"$(inherited)",
				);
				GCC_WARN_64_TO_32_BIT_CONVERSION = YES;
				GCC_WARN_ABOUT_RETURN_TYPE = YES_ERROR;
				GCC_WARN_UNDECLARED_SELECTOR = YES;
				GCC_WARN_UNINITIALIZED_AUTOS = YES_AGGRESSIVE;
				GCC_WARN_UNUSED_FUNCTION = YES;
				GCC_WARN_UNUSED_VARIABLE = YES;
				MACOSX_DEPLOYMENT_TARGET = 10.15;
				MTL_ENABLE_DEBUG_INFO = INCLUDE_SOURCE;
				MTL_FAST_MATH = YES;
				ONLY_ACTIVE_ARCH = YES;
				SDKROOT = macosx;
			};
			name = Debug;
		};
		CB2AC910280D033A0099A852 /* Release */ = {
			isa = XCBuildConfiguration;
			buildSettings = {
				ALWAYS_SEARCH_USER_PATHS = NO;
				CLANG_ANALYZER_NONNULL = YES;
				CLANG_ANALYZER_NUMBER_OBJECT_CONVERSION = YES_AGGRESSIVE;
				CLANG_CXX_LANGUAGE_STANDARD = "gnu++14";
				CLANG_CXX_LIBRARY = "libc++";
				CLANG_ENABLE_MODULES = YES;
				CLANG_ENABLE_OBJC_ARC = YES;
				CLANG_ENABLE_OBJC_WEAK = YES;
				CLANG_WARN_BLOCK_CAPTURE_AUTORELEASING = YES;
				CLANG_WARN_BOOL_CONVERSION = YES;
				CLANG_WARN_COMMA = YES;
				CLANG_WARN_CONSTANT_CONVERSION = YES;
				CLANG_WARN_DEPRECATED_OBJC_IMPLEMENTATIONS = YES;
				CLANG_WARN_DIRECT_OBJC_ISA_USAGE = YES_ERROR;
				CLANG_WARN_DOCUMENTATION_COMMENTS = YES;
				CLANG_WARN_EMPTY_BODY = YES;
				CLANG_WARN_ENUM_CONVERSION = YES;
				CLANG_WARN_INFINITE_RECURSION = YES;
				CLANG_WARN_INT_CONVERSION = YES;
				CLANG_WARN_NON_LITERAL_NULL_CONVERSION = YES;
				CLANG_WARN_OBJC_IMPLICIT_RETAIN_SELF = YES;
				CLANG_WARN_OBJC_LITERAL_CONVERSION = YES;
				CLANG_WARN_OBJC_ROOT_CLASS = YES_ERROR;
				CLANG_WARN_RANGE_LOOP_ANALYSIS = YES;
				CLANG_WARN_STRICT_PROTOTYPES = YES;
				CLANG_WARN_SUSPICIOUS_MOVE = YES;
				CLANG_WARN_UNGUARDED_AVAILABILITY = YES_AGGRESSIVE;
				CLANG_WARN_UNREACHABLE_CODE = YES;
				CLANG_WARN__DUPLICATE_METHOD_MATCH = YES;
				COPY_PHASE_STRIP = NO;
				DEBUG_INFORMATION_FORMAT = "dwarf-with-dsym";
				ENABLE_NS_ASSERTIONS = NO;
				ENABLE_STRICT_OBJC_MSGSEND = YES;
				GCC_C_LANGUAGE_STANDARD = gnu11;
				GCC_NO_COMMON_BLOCKS = YES;
				GCC_WARN_64_TO_32_BIT_CONVERSION = YES;
				GCC_WARN_ABOUT_RETURN_TYPE = YES_ERROR;
				GCC_WARN_UNDECLARED_SELECTOR = YES;
				GCC_WARN_UNINITIALIZED_AUTOS = YES_AGGRESSIVE;
				GCC_WARN_UNUSED_FUNCTION = YES;
				GCC_WARN_UNUSED_VARIABLE = YES;
				MACOSX_DEPLOYMENT_TARGET = 10.15;
				MTL_ENABLE_DEBUG_INFO = NO;
				MTL_FAST_MATH = YES;
				SDKROOT = macosx;
			};
			name = Release;
		};
		CB2AC912280D033A0099A852 /* Debug */ = {
			isa = XCBuildConfiguration;
			buildSettings = {
				CODE_SIGN_STYLE = Automatic;
				PRODUCT_NAME = "$(TARGET_NAME)";
			};
			name = Debug;
		};
		CB2AC913280D033A0099A852 /* Release */ = {
			isa = XCBuildConfiguration;
			buildSettings = {
				CODE_SIGN_STYLE = Automatic;
				PRODUCT_NAME = "$(TARGET_NAME)";
			};
			name = Release;
		};
/* End XCBuildConfiguration section */

/* Begin XCConfigurationList section */
		CB2AC905280D033A0099A852 /* Build configuration list for PBXProject "myDesignPatterns" */ = {
			isa = XCConfigurationList;
			buildConfigurations = (
				CB2AC90F280D033A0099A852 /* Debug */,
				CB2AC910280D033A0099A852 /* Release */,
			);
			defaultConfigurationIsVisible = 0;
			defaultConfigurationName = Release;
		};
		CB2AC911280D033A0099A852 /* Build configuration list for PBXNativeTarget "myDesignPatterns" */ = {
			isa = XCConfigurationList;
			buildConfigurations = (
				CB2AC912280D033A0099A852 /* Debug */,
				CB2AC913280D033A0099A852 /* Release */,
			);
			defaultConfigurationIsVisible = 0;
			defaultConfigurationName = Release;
		};
/* End XCConfigurationList section */
	};
	rootObject = CB2AC902280D033A0099A852 /* Project object */;
}
