// !$*UTF8*$!
{
	archiveVersion = 1;
	classes = {
	};
	objectVersion = 50;
	objects = {

/* Begin PBXBuildFile section */
		CB45C54627C8AAE100FA2AFA /* Persistence to Disk.cpp in Sources */ = {isa = PBXBuildFile; fileRef = CB45C54527C8AAE100FA2AFA /* Persistence to Disk.cpp */; };
		CB47F49827C638B50018FAD5 /* Compiler and Virtual Machine.cpp in Sources */ = {isa = PBXBuildFile; fileRef = CB47F49727C638B50018FAD5 /* Compiler and Virtual Machine.cpp */; };
		CB6BE8F527C49863002D42CC /* repl.cpp in Sources */ = {isa = PBXBuildFile; fileRef = CB6BE8F427C49863002D42CC /* repl.cpp */; };
		CBCBE7E327C72F24000B5343 /* An In-Memory, Append-Only, Single-Table Database.cpp in Sources */ = {isa = PBXBuildFile; fileRef = CBCBE7E227C72F24000B5343 /* An In-Memory, Append-Only, Single-Table Database.cpp */; };
/* End PBXBuildFile section */

/* Begin PBXCopyFilesBuildPhase section */
		CB6BE8EF27C49862002D42CC /* CopyFiles */ = {
			isa = PBXCopyFilesBuildPhase;
			buildActionMask = 2147483647;
			dstPath = /usr/share/man/man1/;
			dstSubfolderSpec = 0;
			files = (
			);
			runOnlyForDeploymentPostprocessing = 1;
		};
/* End PBXCopyFilesBuildPhase section */

/* Begin PBXFileReference section */
		CB07483627C8D04A007AD527 /* disk.txt */ = {isa = PBXFileReference; lastKnownFileType = text; path = disk.txt; sourceTree = "<group>"; };
		CB45C54527C8AAE100FA2AFA /* Persistence to Disk.cpp */ = {isa = PBXFileReference; lastKnownFileType = sourcecode.cpp.cpp; path = "Persistence to Disk.cpp"; sourceTree = "<group>"; };
		CB47F49727C638B50018FAD5 /* Compiler and Virtual Machine.cpp */ = {isa = PBXFileReference; lastKnownFileType = sourcecode.cpp.cpp; path = "Compiler and Virtual Machine.cpp"; sourceTree = "<group>"; };
		CB6BE8F127C49862002D42CC /* myDB */ = {isa = PBXFileReference; explicitFileType = "compiled.mach-o.executable"; includeInIndex = 0; path = myDB; sourceTree = BUILT_PRODUCTS_DIR; };
		CB6BE8F427C49863002D42CC /* repl.cpp */ = {isa = PBXFileReference; lastKnownFileType = sourcecode.cpp.cpp; path = repl.cpp; sourceTree = "<group>"; };
		CBCBE7E227C72F24000B5343 /* An In-Memory, Append-Only, Single-Table Database.cpp */ = {isa = PBXFileReference; lastKnownFileType = sourcecode.cpp.cpp; path = "An In-Memory, Append-Only, Single-Table Database.cpp"; sourceTree = "<group>"; };
/* End PBXFileReference section */

/* Begin PBXFrameworksBuildPhase section */
		CB6BE8EE27C49862002D42CC /* Frameworks */ = {
			isa = PBXFrameworksBuildPhase;
			buildActionMask = 2147483647;
			files = (
			);
			runOnlyForDeploymentPostprocessing = 0;
		};
/* End PBXFrameworksBuildPhase section */

/* Begin PBXGroup section */
		CB6BE8E827C49862002D42CC = {
			isa = PBXGroup;
			children = (
				CB6BE8F327C49863002D42CC /* myDB */,
				CB6BE8F227C49862002D42CC /* Products */,
			);
			sourceTree = "<group>";
		};
		CB6BE8F227C49862002D42CC /* Products */ = {
			isa = PBXGroup;
			children = (
				CB6BE8F127C49862002D42CC /* myDB */,
			);
			name = Products;
			sourceTree = "<group>";
		};
		CB6BE8F327C49863002D42CC /* myDB */ = {
			isa = PBXGroup;
			children = (
				CB6BE8F427C49863002D42CC /* repl.cpp */,
				CB47F49727C638B50018FAD5 /* Compiler and Virtual Machine.cpp */,
				CBCBE7E227C72F24000B5343 /* An In-Memory, Append-Only, Single-Table Database.cpp */,
				CB45C54527C8AAE100FA2AFA /* Persistence to Disk.cpp */,
				CB07483627C8D04A007AD527 /* disk.txt */,
			);
			path = myDB;
			sourceTree = "<group>";
		};
/* End PBXGroup section */

/* Begin PBXNativeTarget section */
		CB6BE8F027C49862002D42CC /* myDB */ = {
			isa = PBXNativeTarget;
			buildConfigurationList = CB6BE8F827C49863002D42CC /* Build configuration list for PBXNativeTarget "myDB" */;
			buildPhases = (
				CB6BE8ED27C49862002D42CC /* Sources */,
				CB6BE8EE27C49862002D42CC /* Frameworks */,
				CB6BE8EF27C49862002D42CC /* CopyFiles */,
			);
			buildRules = (
			);
			dependencies = (
			);
			name = myDB;
			productName = myDB;
			productReference = CB6BE8F127C49862002D42CC /* myDB */;
			productType = "com.apple.product-type.tool";
		};
/* End PBXNativeTarget section */

/* Begin PBXProject section */
		CB6BE8E927C49862002D42CC /* Project object */ = {
			isa = PBXProject;
			attributes = {
				LastUpgradeCheck = 1160;
				ORGANIZATIONNAME = xiaoyuyu;
				TargetAttributes = {
					CB6BE8F027C49862002D42CC = {
						CreatedOnToolsVersion = 11.6;
					};
				};
			};
			buildConfigurationList = CB6BE8EC27C49862002D42CC /* Build configuration list for PBXProject "myDB" */;
			compatibilityVersion = "Xcode 9.3";
			developmentRegion = en;
			hasScannedForEncodings = 0;
			knownRegions = (
				en,
				Base,
			);
			mainGroup = CB6BE8E827C49862002D42CC;
			productRefGroup = CB6BE8F227C49862002D42CC /* Products */;
			projectDirPath = "";
			projectRoot = "";
			targets = (
				CB6BE8F027C49862002D42CC /* myDB */,
			);
		};
/* End PBXProject section */

/* Begin PBXSourcesBuildPhase section */
		CB6BE8ED27C49862002D42CC /* Sources */ = {
			isa = PBXSourcesBuildPhase;
			buildActionMask = 2147483647;
			files = (
				CB47F49827C638B50018FAD5 /* Compiler and Virtual Machine.cpp in Sources */,
				CBCBE7E327C72F24000B5343 /* An In-Memory, Append-Only, Single-Table Database.cpp in Sources */,
				CB6BE8F527C49863002D42CC /* repl.cpp in Sources */,
				CB45C54627C8AAE100FA2AFA /* Persistence to Disk.cpp in Sources */,
			);
			runOnlyForDeploymentPostprocessing = 0;
		};
/* End PBXSourcesBuildPhase section */

/* Begin XCBuildConfiguration section */
		CB6BE8F627C49863002D42CC /* Debug */ = {
			isa = XCBuildConfiguration;
			buildSettings = {
				ALWAYS_SEARCH_USER_PATHS = NO;
				CLANG_ANALYZER_NONNULL = YES;
				CLANG_ANALYZER_NUMBER_OBJECT_CONVERSION = YES_AGGRESSIVE;
				CLANG_CXX_LANGUAGE_STANDARD = "gnu++14";
				CLANG_CXX_LIBRARY = "libc++";
				CLANG_ENABLE_MODULES = YES;
				CLANG_ENABLE_OBJC_ARC = YES;
				CLANG_ENABLE_OBJC_WEAK = YES;
				CLANG_WARN_BLOCK_CAPTURE_AUTORELEASING = YES;
				CLANG_WARN_BOOL_CONVERSION = YES;
				CLANG_WARN_COMMA = YES;
				CLANG_WARN_CONSTANT_CONVERSION = YES;
				CLANG_WARN_DEPRECATED_OBJC_IMPLEMENTATIONS = YES;
				CLANG_WARN_DIRECT_OBJC_ISA_USAGE = YES_ERROR;
				CLANG_WARN_DOCUMENTATION_COMMENTS = YES;
				CLANG_WARN_EMPTY_BODY = YES;
				CLANG_WARN_ENUM_CONVERSION = YES;
				CLANG_WARN_INFINITE_RECURSION = YES;
				CLANG_WARN_INT_CONVERSION = YES;
				CLANG_WARN_NON_LITERAL_NULL_CONVERSION = YES;
				CLANG_WARN_OBJC_IMPLICIT_RETAIN_SELF = YES;
				CLANG_WARN_OBJC_LITERAL_CONVERSION = YES;
				CLANG_WARN_OBJC_ROOT_CLASS = YES_ERROR;
				CLANG_WARN_RANGE_LOOP_ANALYSIS = YES;
				CLANG_WARN_STRICT_PROTOTYPES = YES;
				CLANG_WARN_SUSPICIOUS_MOVE = YES;
				CLANG_WARN_UNGUARDED_AVAILABILITY = YES_AGGRESSIVE;
				CLANG_WARN_UNREACHABLE_CODE = YES;
				CLANG_WARN__DUPLICATE_METHOD_MATCH = YES;
				COPY_PHASE_STRIP = NO;
				DEBUG_INFORMATION_FORMAT = dwarf;
				ENABLE_STRICT_OBJC_MSGSEND = YES;
				ENABLE_TESTABILITY = YES;
				GCC_C_LANGUAGE_STANDARD = gnu11;
				GCC_DYNAMIC_NO_PIC = NO;
				GCC_NO_COMMON_BLOCKS = YES;
				GCC_OPTIMIZATION_LEVEL = 0;
				GCC_PREPROCESSOR_DEFINITIONS = (
					"DEBUG=1",
					"$(inherited)",
				);
				GCC_WARN_64_TO_32_BIT_CONVERSION = YES;
				GCC_WARN_ABOUT_RETURN_TYPE = YES_ERROR;
				GCC_WARN_UNDECLARED_SELECTOR = YES;
				GCC_WARN_UNINITIALIZED_AUTOS = YES_AGGRESSIVE;
				GCC_WARN_UNUSED_FUNCTION = YES;
				GCC_WARN_UNUSED_VARIABLE = YES;
				MACOSX_DEPLOYMENT_TARGET = 10.15;
				MTL_ENABLE_DEBUG_INFO = INCLUDE_SOURCE;
				MTL_FAST_MATH = YES;
				ONLY_ACTIVE_ARCH = YES;
				SDKROOT = macosx;
			};
			name = Debug;
		};
		CB6BE8F727C49863002D42CC /* Release */ = {
			isa = XCBuildConfiguration;
			buildSettings = {
				ALWAYS_SEARCH_USER_PATHS = NO;
				CLANG_ANALYZER_NONNULL = YES;
				CLANG_ANALYZER_NUMBER_OBJECT_CONVERSION = YES_AGGRESSIVE;
				CLANG_CXX_LANGUAGE_STANDARD = "gnu++14";
				CLANG_CXX_LIBRARY = "libc++";
				CLANG_ENABLE_MODULES = YES;
				CLANG_ENABLE_OBJC_ARC = YES;
				CLANG_ENABLE_OBJC_WEAK = YES;
				CLANG_WARN_BLOCK_CAPTURE_AUTORELEASING = YES;
				CLANG_WARN_BOOL_CONVERSION = YES;
				CLANG_WARN_COMMA = YES;
				CLANG_WARN_CONSTANT_CONVERSION = YES;
				CLANG_WARN_DEPRECATED_OBJC_IMPLEMENTATIONS = YES;
				CLANG_WARN_DIRECT_OBJC_ISA_USAGE = YES_ERROR;
				CLANG_WARN_DOCUMENTATION_COMMENTS = YES;
				CLANG_WARN_EMPTY_BODY = YES;
				CLANG_WARN_ENUM_CONVERSION = YES;
				CLANG_WARN_INFINITE_RECURSION = YES;
				CLANG_WARN_INT_CONVERSION = YES;
				CLANG_WARN_NON_LITERAL_NULL_CONVERSION = YES;
				CLANG_WARN_OBJC_IMPLICIT_RETAIN_SELF = YES;
				CLANG_WARN_OBJC_LITERAL_CONVERSION = YES;
				CLANG_WARN_OBJC_ROOT_CLASS = YES_ERROR;
				CLANG_WARN_RANGE_LOOP_ANALYSIS = YES;
				CLANG_WARN_STRICT_PROTOTYPES = YES;
				CLANG_WARN_SUSPICIOUS_MOVE = YES;
				CLANG_WARN_UNGUARDED_AVAILABILITY = YES_AGGRESSIVE;
				CLANG_WARN_UNREACHABLE_CODE = YES;
				CLANG_WARN__DUPLICATE_METHOD_MATCH = YES;
				COPY_PHASE_STRIP = NO;
				DEBUG_INFORMATION_FORMAT = "dwarf-with-dsym";
				ENABLE_NS_ASSERTIONS = NO;
				ENABLE_STRICT_OBJC_MSGSEND = YES;
				GCC_C_LANGUAGE_STANDARD = gnu11;
				GCC_NO_COMMON_BLOCKS = YES;
				GCC_WARN_64_TO_32_BIT_CONVERSION = YES;
				GCC_WARN_ABOUT_RETURN_TYPE = YES_ERROR;
				GCC_WARN_UNDECLARED_SELECTOR = YES;
				GCC_WARN_UNINITIALIZED_AUTOS = YES_AGGRESSIVE;
				GCC_WARN_UNUSED_FUNCTION = YES;
				GCC_WARN_UNUSED_VARIABLE = YES;
				MACOSX_DEPLOYMENT_TARGET = 10.15;
				MTL_ENABLE_DEBUG_INFO = NO;
				MTL_FAST_MATH = YES;
				SDKROOT = macosx;
			};
			name = Release;
		};
		CB6BE8F927C49863002D42CC /* Debug */ = {
			isa = XCBuildConfiguration;
			buildSettings = {
				CODE_SIGN_STYLE = Automatic;
				PRODUCT_NAME = "$(TARGET_NAME)";
			};
			name = Debug;
		};
		CB6BE8FA27C49863002D42CC /* Release */ = {
			isa = XCBuildConfiguration;
			buildSettings = {
				CODE_SIGN_STYLE = Automatic;
				PRODUCT_NAME = "$(TARGET_NAME)";
			};
			name = Release;
		};
/* End XCBuildConfiguration section */

/* Begin XCConfigurationList section */
		CB6BE8EC27C49862002D42CC /* Build configuration list for PBXProject "myDB" */ = {
			isa = XCConfigurationList;
			buildConfigurations = (
				CB6BE8F627C49863002D42CC /* Debug */,
				CB6BE8F727C49863002D42CC /* Release */,
			);
			defaultConfigurationIsVisible = 0;
			defaultConfigurationName = Release;
		};
		CB6BE8F827C49863002D42CC /* Build configuration list for PBXNativeTarget "myDB" */ = {
			isa = XCConfigurationList;
			buildConfigurations = (
				CB6BE8F927C49863002D42CC /* Debug */,
				CB6BE8FA27C49863002D42CC /* Release */,
			);
			defaultConfigurationIsVisible = 0;
			defaultConfigurationName = Release;
		};
/* End XCConfigurationList section */
	};
	rootObject = CB6BE8E927C49862002D42CC /* Project object */;
}
